
Microsoft Visual Studio Solution File, Format Version 12.00
# Visual Studio Version 17
VisualStudioVersion = 17.5.33530.505
MinimumVisualStudioVersion = 10.0.40219.1
Project("{2150E333-8FDC-42A3-9474-1A3956D46DE8}") = "API", "API", "{98B436B6-D089-4636-BC36-CCB37987C265}"
EndProject
Project("{9A19103F-16F7-4668-BE54-9A1E7A4F7556}") = "API", "SearchDemoAPI\API.csproj", "{B8AB9501-D0B6-4AA5-8EEA-B77C4D62C4AA}"
EndProject
Project("{2150E333-8FDC-42A3-9474-1A3956D46DE8}") = "Shared", "Shared", "{525842BE-4E28-4750-B995-99AB605BC779}"
EndProject
Project("{9A19103F-16F7-4668-BE54-9A1E7A4F7556}") = "Shared", "SearchDemoShared\Shared.csproj", "{3DBCAB12-0C93-43E8-BC6F-1AA72F26F3C9}"
EndProject
Project("{2150E333-8FDC-42A3-9474-1A3956D46DE8}") = "SWA1", "SWA1", "{09F706E7-82C7-4694-9788-78D8777379CD}"
EndProject
Project("{9A19103F-16F7-4668-BE54-9A1E7A4F7556}") = "SWA1Client", "SearchDemoSWA1\SWA1Client.csproj", "{EE05F8CE-47B4-4A19-9B09-CAADE50C906A}"
EndProject
Project("{FAE04EC0-301F-11D3-BF4B-00C04F79EFBC}") = "SWA1API", "SearchDemoSWA1API\SWA1API.csproj", "{414A1CF1-24BA-4DC8-8BC8-B0E04CEB69CE}"
EndProject
Project("{2150E333-8FDC-42A3-9474-1A3956D46DE8}") = "SWA2", "SWA2", "{54467C1A-052D-4FE0-9043-DB0733425B83}"
EndProject
Project("{9A19103F-16F7-4668-BE54-9A1E7A4F7556}") = "SWA2Client", "SearchDemoSWA2\SWA2Client.csproj", "{B0537223-CCBA-4CF7-A056-662AE6D33DC8}"
EndProject
Project("{FAE04EC0-301F-11D3-BF4B-00C04F79EFBC}") = "SWA2API", "SearchDemoSWA2API\SWA2API.csproj", "{CE055E1E-24D9-455C-A3E0-4738E74BAC6B}"
EndProject
Global
	GlobalSection(SolutionConfigurationPlatforms) = preSolution
		Debug|Any CPU = Debug|Any CPU
		Release|Any CPU = Release|Any CPU
	EndGlobalSection
	GlobalSection(ProjectConfigurationPlatforms) = postSolution
		{EE05F8CE-47B4-4A19-9B09-CAADE50C906A}.Debug|Any CPU.ActiveCfg = Debug|Any CPU
		{EE05F8CE-47B4-4A19-9B09-CAADE50C906A}.Debug|Any CPU.Build.0 = Debug|Any CPU
		{EE05F8CE-47B4-4A19-9B09-CAADE50C906A}.Release|Any CPU.ActiveCfg = Release|Any CPU
		{EE05F8CE-47B4-4A19-9B09-CAADE50C906A}.Release|Any CPU.Build.0 = Release|Any CPU
		{B0537223-CCBA-4CF7-A056-662AE6D33DC8}.Debug|Any CPU.ActiveCfg = Debug|Any CPU
		{B0537223-CCBA-4CF7-A056-662AE6D33DC8}.Debug|Any CPU.Build.0 = Debug|Any CPU
		{B0537223-CCBA-4CF7-A056-662AE6D33DC8}.Release|Any CPU.ActiveCfg = Release|Any CPU
		{B0537223-CCBA-4CF7-A056-662AE6D33DC8}.Release|Any CPU.Build.0 = Release|Any CPU
		{B8AB9501-D0B6-4AA5-8EEA-B77C4D62C4AA}.Debug|Any CPU.ActiveCfg = Debug|Any CPU
		{B8AB9501-D0B6-4AA5-8EEA-B77C4D62C4AA}.Debug|Any CPU.Build.0 = Debug|Any CPU
		{B8AB9501-D0B6-4AA5-8EEA-B77C4D62C4AA}.Release|Any CPU.ActiveCfg = Release|Any CPU
		{B8AB9501-D0B6-4AA5-8EEA-B77C4D62C4AA}.Release|Any CPU.Build.0 = Release|Any CPU
		{3DBCAB12-0C93-43E8-BC6F-1AA72F26F3C9}.Debug|Any CPU.ActiveCfg = Debug|Any CPU
		{3DBCAB12-0C93-43E8-BC6F-1AA72F26F3C9}.Debug|Any CPU.Build.0 = Debug|Any CPU
		{3DBCAB12-0C93-43E8-BC6F-1AA72F26F3C9}.Release|Any CPU.ActiveCfg = Release|Any CPU
		{3DBCAB12-0C93-43E8-BC6F-1AA72F26F3C9}.Release|Any CPU.Build.0 = Release|Any CPU
		{CE055E1E-24D9-455C-A3E0-4738E74BAC6B}.Debug|Any CPU.ActiveCfg = Debug|Any CPU
		{CE055E1E-24D9-455C-A3E0-4738E74BAC6B}.Debug|Any CPU.Build.0 = Debug|Any CPU
		{CE055E1E-24D9-455C-A3E0-4738E74BAC6B}.Release|Any CPU.ActiveCfg = Release|Any CPU
		{CE055E1E-24D9-455C-A3E0-4738E74BAC6B}.Release|Any CPU.Build.0 = Release|Any CPU
		{414A1CF1-24BA-4DC8-8BC8-B0E04CEB69CE}.Debug|Any CPU.ActiveCfg = Debug|Any CPU
		{414A1CF1-24BA-4DC8-8BC8-B0E04CEB69CE}.Debug|Any CPU.Build.0 = Debug|Any CPU
		{414A1CF1-24BA-4DC8-8BC8-B0E04CEB69CE}.Release|Any CPU.ActiveCfg = Release|Any CPU
		{414A1CF1-24BA-4DC8-8BC8-B0E04CEB69CE}.Release|Any CPU.Build.0 = Release|Any CPU
	EndGlobalSection
	GlobalSection(SolutionProperties) = preSolution
		HideSolutionNode = FALSE
	EndGlobalSection
	GlobalSection(NestedProjects) = preSolution
		{EE05F8CE-47B4-4A19-9B09-CAADE50C906A} = {09F706E7-82C7-4694-9788-78D8777379CD}
		{B0537223-CCBA-4CF7-A056-662AE6D33DC8} = {54467C1A-052D-4FE0-9043-DB0733425B83}
		{B8AB9501-D0B6-4AA5-8EEA-B77C4D62C4AA} = {98B436B6-D089-4636-BC36-CCB37987C265}
		{3DBCAB12-0C93-43E8-BC6F-1AA72F26F3C9} = {525842BE-4E28-4750-B995-99AB605BC779}
		{CE055E1E-24D9-455C-A3E0-4738E74BAC6B} = {54467C1A-052D-4FE0-9043-DB0733425B83}
		{414A1CF1-24BA-4DC8-8BC8-B0E04CEB69CE} = {09F706E7-82C7-4694-9788-78D8777379CD}
	EndGlobalSection
	GlobalSection(ExtensibilityGlobals) = postSolution
		SolutionGuid = {A4974223-2E72-4BF8-AEA5-2C6A4FD84DE8}
	EndGlobalSection
EndGlobal
